
Microsoft Visual Studio Solution File, Format Version 12.00
# Visual Studio Version 16
VisualStudioVersion = 16.0.31729.503
MinimumVisualStudioVersion = 10.0.40219.1
Project("{FAE04EC0-301F-11D3-BF4B-00C04F79EFBC}") = "AutoServiceSystemLibrary", "AutoServiceSystemLibrary\AutoServiceSystemLibrary.csproj", "{CEF62FDB-7A48-45D9-8DDA-690A92433EF2}"
EndProject
Project("{FAE04EC0-301F-11D3-BF4B-00C04F79EFBC}") = "AutoServiceSystemUI", "AutoServiceSystemUI\AutoServiceSystemUI.csproj", "{6EB25978-DDA6-4252-8EF4-E7F3C6C71867}"
EndProject
Global
	GlobalSection(SolutionConfigurationPlatforms) = preSolution
		Debug|Any CPU = Debug|Any CPU
		Release|Any CPU = Release|Any CPU
	EndGlobalSection
	GlobalSection(ProjectConfigurationPlatforms) = postSolution
		{CEF62FDB-7A48-45D9-8DDA-690A92433EF2}.Debug|Any CPU.ActiveCfg = Debug|Any CPU
		{CEF62FDB-7A48-45D9-8DDA-690A92433EF2}.Debug|Any CPU.Build.0 = Debug|Any CPU
		{CEF62FDB-7A48-45D9-8DDA-690A92433EF2}.Release|Any CPU.ActiveCfg = Release|Any CPU
		{CEF62FDB-7A48-45D9-8DDA-690A92433EF2}.Release|Any CPU.Build.0 = Release|Any CPU
		{6EB25978-DDA6-4252-8EF4-E7F3C6C71867}.Debug|Any CPU.ActiveCfg = Debug|Any CPU
		{6EB25978-DDA6-4252-8EF4-E7F3C6C71867}.Debug|Any CPU.Build.0 = Debug|Any CPU
		{6EB25978-DDA6-4252-8EF4-E7F3C6C71867}.Release|Any CPU.ActiveCfg = Release|Any CPU
		{6EB25978-DDA6-4252-8EF4-E7F3C6C71867}.Release|Any CPU.Build.0 = Release|Any CPU
	EndGlobalSection
	GlobalSection(SolutionProperties) = preSolution
		HideSolutionNode = FALSE
	EndGlobalSection
	GlobalSection(ExtensibilityGlobals) = postSolution
		SolutionGuid = {A9AFECCB-CC84-4EEA-957F-F181FA9B9FC4}
	EndGlobalSection
EndGlobal
